// !$*UTF8*$!
{
	archiveVersion = 1;
	classes = {
	};
	objectVersion = 46;
	objects = {

/* Begin PBXBuildFile section */
		280D7E941EA72EF1008CC116 /* AppDelegate.swift in Sources */ = {isa = PBXBuildFile; fileRef = 280D7E931EA72EF1008CC116 /* AppDelegate.swift */; };
		280D7E991EA72EF1008CC116 /* Main.storyboard in Resources */ = {isa = PBXBuildFile; fileRef = 280D7E971EA72EF1008CC116 /* Main.storyboard */; };
		280D7E9C1EA72EF2008CC116 /* RioMessaging.xcdatamodeld in Sources */ = {isa = PBXBuildFile; fileRef = 280D7E9A1EA72EF2008CC116 /* RioMessaging.xcdatamodeld */; };
		280D7E9E1EA72EF2008CC116 /* Assets.xcassets in Resources */ = {isa = PBXBuildFile; fileRef = 280D7E9D1EA72EF2008CC116 /* Assets.xcassets */; };
		280D7EA11EA72EF2008CC116 /* LaunchScreen.storyboard in Resources */ = {isa = PBXBuildFile; fileRef = 280D7E9F1EA72EF2008CC116 /* LaunchScreen.storyboard */; };
		280D7EAC1EA72EF2008CC116 /* RioMessagingTests.swift in Sources */ = {isa = PBXBuildFile; fileRef = 280D7EAB1EA72EF2008CC116 /* RioMessagingTests.swift */; };
		280D7EB71EA72EF2008CC116 /* RioMessagingUITests.swift in Sources */ = {isa = PBXBuildFile; fileRef = 280D7EB61EA72EF2008CC116 /* RioMessagingUITests.swift */; };
		280D7EC71EA72F4A008CC116 /* MessagingCompose.swift in Sources */ = {isa = PBXBuildFile; fileRef = 280D7EC61EA72F4A008CC116 /* MessagingCompose.swift */; };
		280D7EC91EA730B6008CC116 /* ViewController.swift in Sources */ = {isa = PBXBuildFile; fileRef = 280D7EC81EA730B6008CC116 /* ViewController.swift */; };
/* End PBXBuildFile section */

/* Begin PBXContainerItemProxy section */
		280D7EA81EA72EF2008CC116 /* PBXContainerItemProxy */ = {
			isa = PBXContainerItemProxy;
			containerPortal = 280D7E881EA72EF1008CC116 /* Project object */;
			proxyType = 1;
			remoteGlobalIDString = 280D7E8F1EA72EF1008CC116;
			remoteInfo = RioMessaging;
		};
		280D7EB31EA72EF2008CC116 /* PBXContainerItemProxy */ = {
			isa = PBXContainerItemProxy;
			containerPortal = 280D7E881EA72EF1008CC116 /* Project object */;
			proxyType = 1;
			remoteGlobalIDString = 280D7E8F1EA72EF1008CC116;
			remoteInfo = RioMessaging;
		};
/* End PBXContainerItemProxy section */

/* Begin PBXFileReference section */
		280D7E901EA72EF1008CC116 /* RioMessaging.app */ = {isa = PBXFileReference; explicitFileType = wrapper.application; includeInIndex = 0; path = RioMessaging.app; sourceTree = BUILT_PRODUCTS_DIR; };
		280D7E931EA72EF1008CC116 /* AppDelegate.swift */ = {isa = PBXFileReference; lastKnownFileType = sourcecode.swift; path = AppDelegate.swift; sourceTree = "<group>"; };
		280D7E981EA72EF1008CC116 /* Base */ = {isa = PBXFileReference; lastKnownFileType = file.storyboard; name = Base; path = Base.lproj/Main.storyboard; sourceTree = "<group>"; };
		280D7E9B1EA72EF2008CC116 /* RioMessaging.xcdatamodel */ = {isa = PBXFileReference; lastKnownFileType = wrapper.xcdatamodel; path = RioMessaging.xcdatamodel; sourceTree = "<group>"; };
		280D7E9D1EA72EF2008CC116 /* Assets.xcassets */ = {isa = PBXFileReference; lastKnownFileType = folder.assetcatalog; path = Assets.xcassets; sourceTree = "<group>"; };
		280D7EA01EA72EF2008CC116 /* Base */ = {isa = PBXFileReference; lastKnownFileType = file.storyboard; name = Base; path = Base.lproj/LaunchScreen.storyboard; sourceTree = "<group>"; };
		280D7EA21EA72EF2008CC116 /* Info.plist */ = {isa = PBXFileReference; lastKnownFileType = text.plist.xml; path = Info.plist; sourceTree = "<group>"; };
		280D7EA71EA72EF2008CC116 /* RioMessagingTests.xctest */ = {isa = PBXFileReference; explicitFileType = wrapper.cfbundle; includeInIndex = 0; path = RioMessagingTests.xctest; sourceTree = BUILT_PRODUCTS_DIR; };
		280D7EAB1EA72EF2008CC116 /* RioMessagingTests.swift */ = {isa = PBXFileReference; lastKnownFileType = sourcecode.swift; path = RioMessagingTests.swift; sourceTree = "<group>"; };
		280D7EAD1EA72EF2008CC116 /* Info.plist */ = {isa = PBXFileReference; lastKnownFileType = text.plist.xml; path = Info.plist; sourceTree = "<group>"; };
		280D7EB21EA72EF2008CC116 /* RioMessagingUITests.xctest */ = {isa = PBXFileReference; explicitFileType = wrapper.cfbundle; includeInIndex = 0; path = RioMessagingUITests.xctest; sourceTree = BUILT_PRODUCTS_DIR; };
		280D7EB61EA72EF2008CC116 /* RioMessagingUITests.swift */ = {isa = PBXFileReference; lastKnownFileType = sourcecode.swift; path = RioMessagingUITests.swift; sourceTree = "<group>"; };
		280D7EB81EA72EF2008CC116 /* Info.plist */ = {isa = PBXFileReference; lastKnownFileType = text.plist.xml; path = Info.plist; sourceTree = "<group>"; };
		280D7EC61EA72F4A008CC116 /* MessagingCompose.swift */ = {isa = PBXFileReference; fileEncoding = 4; lastKnownFileType = sourcecode.swift; path = MessagingCompose.swift; sourceTree = "<group>"; };
		280D7EC81EA730B6008CC116 /* ViewController.swift */ = {isa = PBXFileReference; fileEncoding = 4; lastKnownFileType = sourcecode.swift; path = ViewController.swift; sourceTree = "<group>"; };
/* End PBXFileReference section */

/* Begin PBXFrameworksBuildPhase section */
		280D7E8D1EA72EF1008CC116 /* Frameworks */ = {
			isa = PBXFrameworksBuildPhase;
			buildActionMask = 2147483647;
			files = (
			);
			runOnlyForDeploymentPostprocessing = 0;
		};
		280D7EA41EA72EF2008CC116 /* Frameworks */ = {
			isa = PBXFrameworksBuildPhase;
			buildActionMask = 2147483647;
			files = (
			);
			runOnlyForDeploymentPostprocessing = 0;
		};
		280D7EAF1EA72EF2008CC116 /* Frameworks */ = {
			isa = PBXFrameworksBuildPhase;
			buildActionMask = 2147483647;
			files = (
			);
			runOnlyForDeploymentPostprocessing = 0;
		};
/* End PBXFrameworksBuildPhase section */

/* Begin PBXGroup section */
		280D7E871EA72EF1008CC116 = {
			isa = PBXGroup;
			children = (
				280D7E921EA72EF1008CC116 /* RioMessaging */,
				280D7EAA1EA72EF2008CC116 /* RioMessagingTests */,
				280D7EB51EA72EF2008CC116 /* RioMessagingUITests */,
				280D7E911EA72EF1008CC116 /* Products */,
			);
			sourceTree = "<group>";
		};
		280D7E911EA72EF1008CC116 /* Products */ = {
			isa = PBXGroup;
			children = (
				280D7E901EA72EF1008CC116 /* RioMessaging.app */,
				280D7EA71EA72EF2008CC116 /* RioMessagingTests.xctest */,
				280D7EB21EA72EF2008CC116 /* RioMessagingUITests.xctest */,
			);
			name = Products;
			sourceTree = "<group>";
		};
		280D7E921EA72EF1008CC116 /* RioMessaging */ = {
			isa = PBXGroup;
			children = (
				280D7EC61EA72F4A008CC116 /* MessagingCompose.swift */,
				280D7EC81EA730B6008CC116 /* ViewController.swift */,
				280D7E931EA72EF1008CC116 /* AppDelegate.swift */,
				280D7E971EA72EF1008CC116 /* Main.storyboard */,
				280D7E9D1EA72EF2008CC116 /* Assets.xcassets */,
				280D7E9F1EA72EF2008CC116 /* LaunchScreen.storyboard */,
				280D7EA21EA72EF2008CC116 /* Info.plist */,
				280D7E9A1EA72EF2008CC116 /* RioMessaging.xcdatamodeld */,
			);
			path = RioMessaging;
			sourceTree = "<group>";
		};
		280D7EAA1EA72EF2008CC116 /* RioMessagingTests */ = {
			isa = PBXGroup;
			children = (
				280D7EAB1EA72EF2008CC116 /* RioMessagingTests.swift */,
				280D7EAD1EA72EF2008CC116 /* Info.plist */,
			);
			path = RioMessagingTests;
			sourceTree = "<group>";
		};
		280D7EB51EA72EF2008CC116 /* RioMessagingUITests */ = {
			isa = PBXGroup;
			children = (
				280D7EB61EA72EF2008CC116 /* RioMessagingUITests.swift */,
				280D7EB81EA72EF2008CC116 /* Info.plist */,
			);
			path = RioMessagingUITests;
			sourceTree = "<group>";
		};
/* End PBXGroup section */

/* Begin PBXNativeTarget section */
		280D7E8F1EA72EF1008CC116 /* RioMessaging */ = {
			isa = PBXNativeTarget;
			buildConfigurationList = 280D7EBB1EA72EF2008CC116 /* Build configuration list for PBXNativeTarget "RioMessaging" */;
			buildPhases = (
				280D7E8C1EA72EF1008CC116 /* Sources */,
				280D7E8D1EA72EF1008CC116 /* Frameworks */,
				280D7E8E1EA72EF1008CC116 /* Resources */,
			);
			buildRules = (
			);
			dependencies = (
			);
			name = RioMessaging;
			productName = RioMessaging;
			productReference = 280D7E901EA72EF1008CC116 /* RioMessaging.app */;
			productType = "com.apple.product-type.application";
		};
		280D7EA61EA72EF2008CC116 /* RioMessagingTests */ = {
			isa = PBXNativeTarget;
			buildConfigurationList = 280D7EBE1EA72EF2008CC116 /* Build configuration list for PBXNativeTarget "RioMessagingTests" */;
			buildPhases = (
				280D7EA31EA72EF2008CC116 /* Sources */,
				280D7EA41EA72EF2008CC116 /* Frameworks */,
				280D7EA51EA72EF2008CC116 /* Resources */,
			);
			buildRules = (
			);
			dependencies = (
				280D7EA91EA72EF2008CC116 /* PBXTargetDependency */,
			);
			name = RioMessagingTests;
			productName = RioMessagingTests;
			productReference = 280D7EA71EA72EF2008CC116 /* RioMessagingTests.xctest */;
			productType = "com.apple.product-type.bundle.unit-test";
		};
		280D7EB11EA72EF2008CC116 /* RioMessagingUITests */ = {
			isa = PBXNativeTarget;
			buildConfigurationList = 280D7EC11EA72EF2008CC116 /* Build configuration list for PBXNativeTarget "RioMessagingUITests" */;
			buildPhases = (
				280D7EAE1EA72EF2008CC116 /* Sources */,
				280D7EAF1EA72EF2008CC116 /* Frameworks */,
				280D7EB01EA72EF2008CC116 /* Resources */,
			);
			buildRules = (
			);
			dependencies = (
				280D7EB41EA72EF2008CC116 /* PBXTargetDependency */,
			);
			name = RioMessagingUITests;
			productName = RioMessagingUITests;
			productReference = 280D7EB21EA72EF2008CC116 /* RioMessagingUITests.xctest */;
			productType = "com.apple.product-type.bundle.ui-testing";
		};
/* End PBXNativeTarget section */

/* Begin PBXProject section */
		280D7E881EA72EF1008CC116 /* Project object */ = {
			isa = PBXProject;
			attributes = {
				LastSwiftUpdateCheck = 0830;
				LastUpgradeCheck = 0830;
				ORGANIZATIONNAME = "Jay Balderas";
				TargetAttributes = {
					280D7E8F1EA72EF1008CC116 = {
						CreatedOnToolsVersion = 8.3.1;
						DevelopmentTeam = 5EB567WJ73;
						ProvisioningStyle = Automatic;
					};
					280D7EA61EA72EF2008CC116 = {
						CreatedOnToolsVersion = 8.3.1;
						DevelopmentTeam = 5EB567WJ73;
						ProvisioningStyle = Automatic;
						TestTargetID = 280D7E8F1EA72EF1008CC116;
					};
					280D7EB11EA72EF2008CC116 = {
						CreatedOnToolsVersion = 8.3.1;
						DevelopmentTeam = 5EB567WJ73;
						ProvisioningStyle = Automatic;
						TestTargetID = 280D7E8F1EA72EF1008CC116;
					};
				};
			};
			buildConfigurationList = 280D7E8B1EA72EF1008CC116 /* Build configuration list for PBXProject "RioMessaging" */;
			compatibilityVersion = "Xcode 3.2";
			developmentRegion = English;
			hasScannedForEncodings = 0;
			knownRegions = (
				en,
				Base,
			);
			mainGroup = 280D7E871EA72EF1008CC116;
			productRefGroup = 280D7E911EA72EF1008CC116 /* Products */;
			projectDirPath = "";
			projectRoot = "";
			targets = (
				280D7E8F1EA72EF1008CC116 /* RioMessaging */,
				280D7EA61EA72EF2008CC116 /* RioMessagingTests */,
				280D7EB11EA72EF2008CC116 /* RioMessagingUITests */,
			);
		};
/* End PBXProject section */

/* Begin PBXResourcesBuildPhase section */
		280D7E8E1EA72EF1008CC116 /* Resources */ = {
			isa = PBXResourcesBuildPhase;
			buildActionMask = 2147483647;
			files = (
				280D7EA11EA72EF2008CC116 /* LaunchScreen.storyboard in Resources */,
				280D7E9E1EA72EF2008CC116 /* Assets.xcassets in Resources */,
				280D7E991EA72EF1008CC116 /* Main.storyboard in Resources */,
			);
			runOnlyForDeploymentPostprocessing = 0;
		};
		280D7EA51EA72EF2008CC116 /* Resources */ = {
			isa = PBXResourcesBuildPhase;
			buildActionMask = 2147483647;
			files = (
			);
			runOnlyForDeploymentPostprocessing = 0;
		};
		280D7EB01EA72EF2008CC116 /* Resources */ = {
			isa = PBXResourcesBuildPhase;
			buildActionMask = 2147483647;
			files = (
			);
			runOnlyForDeploymentPostprocessing = 0;
		};
/* End PBXResourcesBuildPhase section */

/* Begin PBXSourcesBuildPhase section */
		280D7E8C1EA72EF1008CC116 /* Sources */ = {
			isa = PBXSourcesBuildPhase;
			buildActionMask = 2147483647;
			files = (
				280D7EC71EA72F4A008CC116 /* MessagingCompose.swift in Sources */,
				280D7E941EA72EF1008CC116 /* AppDelegate.swift in Sources */,
				280D7EC91EA730B6008CC116 /* ViewController.swift in Sources */,
				280D7E9C1EA72EF2008CC116 /* RioMessaging.xcdatamodeld in Sources */,
			);
			runOnlyForDeploymentPostprocessing = 0;
		};
		280D7EA31EA72EF2008CC116 /* Sources */ = {
			isa = PBXSourcesBuildPhase;
			buildActionMask = 2147483647;
			files = (
				280D7EAC1EA72EF2008CC116 /* RioMessagingTests.swift in Sources */,
			);
			runOnlyForDeploymentPostprocessing = 0;
		};
		280D7EAE1EA72EF2008CC116 /* Sources */ = {
			isa = PBXSourcesBuildPhase;
			buildActionMask = 2147483647;
			files = (
				280D7EB71EA72EF2008CC116 /* RioMessagingUITests.swift in Sources */,
			);
			runOnlyForDeploymentPostprocessing = 0;
		};
/* End PBXSourcesBuildPhase section */

/* Begin PBXTargetDependency section */
		280D7EA91EA72EF2008CC116 /* PBXTargetDependency */ = {
			isa = PBXTargetDependency;
			target = 280D7E8F1EA72EF1008CC116 /* RioMessaging */;
			targetProxy = 280D7EA81EA72EF2008CC116 /* PBXContainerItemProxy */;
		};
		280D7EB41EA72EF2008CC116 /* PBXTargetDependency */ = {
			isa = PBXTargetDependency;
			target = 280D7E8F1EA72EF1008CC116 /* RioMessaging */;
			targetProxy = 280D7EB31EA72EF2008CC116 /* PBXContainerItemProxy */;
		};
/* End PBXTargetDependency section */

/* Begin PBXVariantGroup section */
		280D7E971EA72EF1008CC116 /* Main.storyboard */ = {
			isa = PBXVariantGroup;
			children = (
				280D7E981EA72EF1008CC116 /* Base */,
			);
			name = Main.storyboard;
			sourceTree = "<group>";
		};
		280D7E9F1EA72EF2008CC116 /* LaunchScreen.storyboard */ = {
			isa = PBXVariantGroup;
			children = (
				280D7EA01EA72EF2008CC116 /* Base */,
			);
			name = LaunchScreen.storyboard;
			sourceTree = "<group>";
		};
/* End PBXVariantGroup section */

/* Begin XCBuildConfiguration section */
		280D7EB91EA72EF2008CC116 /* Debug */ = {
			isa = XCBuildConfiguration;
			buildSettings = {
				ALWAYS_SEARCH_USER_PATHS = NO;
				CLANG_ANALYZER_NONNULL = YES;
				CLANG_ANALYZER_NUMBER_OBJECT_CONVERSION = YES_AGGRESSIVE;
				CLANG_CXX_LANGUAGE_STANDARD = "gnu++0x";
				CLANG_CXX_LIBRARY = "libc++";
				CLANG_ENABLE_MODULES = YES;
				CLANG_ENABLE_OBJC_ARC = YES;
				CLANG_WARN_BOOL_CONVERSION = YES;
				CLANG_WARN_CONSTANT_CONVERSION = YES;
				CLANG_WARN_DIRECT_OBJC_ISA_USAGE = YES_ERROR;
				CLANG_WARN_DOCUMENTATION_COMMENTS = YES;
				CLANG_WARN_EMPTY_BODY = YES;
				CLANG_WARN_ENUM_CONVERSION = YES;
				CLANG_WARN_INFINITE_RECURSION = YES;
				CLANG_WARN_INT_CONVERSION = YES;
				CLANG_WARN_OBJC_ROOT_CLASS = YES_ERROR;
				CLANG_WARN_SUSPICIOUS_MOVE = YES;
				CLANG_WARN_UNREACHABLE_CODE = YES;
				CLANG_WARN__DUPLICATE_METHOD_MATCH = YES;
				"CODE_SIGN_IDENTITY[sdk=iphoneos*]" = "iPhone Developer";
				COPY_PHASE_STRIP = NO;
				DEBUG_INFORMATION_FORMAT = dwarf;
				ENABLE_STRICT_OBJC_MSGSEND = YES;
				ENABLE_TESTABILITY = YES;
				GCC_C_LANGUAGE_STANDARD = gnu99;
				GCC_DYNAMIC_NO_PIC = NO;
				GCC_NO_COMMON_BLOCKS = YES;
				GCC_OPTIMIZATION_LEVEL = 0;
				GCC_PREPROCESSOR_DEFINITIONS = (
					"DEBUG=1",
					"$(inherited)",
				);
				GCC_WARN_64_TO_32_BIT_CONVERSION = YES;
				GCC_WARN_ABOUT_RETURN_TYPE = YES_ERROR;
				GCC_WARN_UNDECLARED_SELECTOR = YES;
				GCC_WARN_UNINITIALIZED_AUTOS = YES_AGGRESSIVE;
				GCC_WARN_UNUSED_FUNCTION = YES;
				GCC_WARN_UNUSED_VARIABLE = YES;
				IPHONEOS_DEPLOYMENT_TARGET = 10.3;
				MTL_ENABLE_DEBUG_INFO = YES;
				ONLY_ACTIVE_ARCH = YES;
				SDKROOT = iphoneos;
				SWIFT_ACTIVE_COMPILATION_CONDITIONS = DEBUG;
				SWIFT_OPTIMIZATION_LEVEL = "-Onone";
				TARGETED_DEVICE_FAMILY = "1,2";
			};
			name = Debug;
		};
		280D7EBA1EA72EF2008CC116 /* Release */ = {
			isa = XCBuildConfiguration;
			buildSettings = {
				ALWAYS_SEARCH_USER_PATHS = NO;
				CLANG_ANALYZER_NONNULL = YES;
				CLANG_ANALYZER_NUMBER_OBJECT_CONVERSION = YES_AGGRESSIVE;
				CLANG_CXX_LANGUAGE_STANDARD = "gnu++0x";
				CLANG_CXX_LIBRARY = "libc++";
				CLANG_ENABLE_MODULES = YES;
				CLANG_ENABLE_OBJC_ARC = YES;
				CLANG_WARN_BOOL_CONVERSION = YES;
				CLANG_WARN_CONSTANT_CONVERSION = YES;
				CLANG_WARN_DIRECT_OBJC_ISA_USAGE = YES_ERROR;
				CLANG_WARN_DOCUMENTATION_COMMENTS = YES;
				CLANG_WARN_EMPTY_BODY = YES;
				CLANG_WARN_ENUM_CONVERSION = YES;
				CLANG_WARN_INFINITE_RECURSION = YES;
				CLANG_WARN_INT_CONVERSION = YES;
				CLANG_WARN_OBJC_ROOT_CLASS = YES_ERROR;
				CLANG_WARN_SUSPICIOUS_MOVE = YES;
				CLANG_WARN_UNREACHABLE_CODE = YES;
				CLANG_WARN__DUPLICATE_METHOD_MATCH = YES;
				"CODE_SIGN_IDENTITY[sdk=iphoneos*]" = "iPhone Developer";
				COPY_PHASE_STRIP = NO;
				DEBUG_INFORMATION_FORMAT = "dwarf-with-dsym";
				ENABLE_NS_ASSERTIONS = NO;
				ENABLE_STRICT_OBJC_MSGSEND = YES;
				GCC_C_LANGUAGE_STANDARD = gnu99;
				GCC_NO_COMMON_BLOCKS = YES;
				GCC_WARN_64_TO_32_BIT_CONVERSION = YES;
				GCC_WARN_ABOUT_RETURN_TYPE = YES_ERROR;
				GCC_WARN_UNDECLARED_SELECTOR = YES;
				GCC_WARN_UNINITIALIZED_AUTOS = YES_AGGRESSIVE;
				GCC_WARN_UNUSED_FUNCTION = YES;
				GCC_WARN_UNUSED_VARIABLE = YES;
				IPHONEOS_DEPLOYMENT_TARGET = 10.3;
				MTL_ENABLE_DEBUG_INFO = NO;
				SDKROOT = iphoneos;
				SWIFT_OPTIMIZATION_LEVEL = "-Owholemodule";
				TARGETED_DEVICE_FAMILY = "1,2";
				VALIDATE_PRODUCT = YES;
			};
			name = Release;
		};
		280D7EBC1EA72EF2008CC116 /* Debug */ = {
			isa = XCBuildConfiguration;
			buildSettings = {
				ASSETCATALOG_COMPILER_APPICON_NAME = AppIcon;
				DEVELOPMENT_TEAM = 5EB567WJ73;
				INFOPLIST_FILE = RioMessaging/Info.plist;
				LD_RUNPATH_SEARCH_PATHS = "$(inherited) @executable_path/Frameworks";
				PRODUCT_BUNDLE_IDENTIFIER = "Jay-Balderas.RioMessaging";
				PRODUCT_NAME = "$(TARGET_NAME)";
				SWIFT_VERSION = 3.0;
			};
			name = Debug;
		};
		280D7EBD1EA72EF2008CC116 /* Release */ = {
			isa = XCBuildConfiguration;
			buildSettings = {
				ASSETCATALOG_COMPILER_APPICON_NAME = AppIcon;
				DEVELOPMENT_TEAM = 5EB567WJ73;
				INFOPLIST_FILE = RioMessaging/Info.plist;
				LD_RUNPATH_SEARCH_PATHS = "$(inherited) @executable_path/Frameworks";
				PRODUCT_BUNDLE_IDENTIFIER = "Jay-Balderas.RioMessaging";
				PRODUCT_NAME = "$(TARGET_NAME)";
				SWIFT_VERSION = 3.0;
			};
			name = Release;
		};
		280D7EBF1EA72EF2008CC116 /* Debug */ = {
			isa = XCBuildConfiguration;
			buildSettings = {
				ALWAYS_EMBED_SWIFT_STANDARD_LIBRARIES = YES;
				BUNDLE_LOADER = "$(TEST_HOST)";
				DEVELOPMENT_TEAM = 5EB567WJ73;
				INFOPLIST_FILE = RioMessagingTests/Info.plist;
				LD_RUNPATH_SEARCH_PATHS = "$(inherited) @executable_path/Frameworks @loader_path/Frameworks";
				PRODUCT_BUNDLE_IDENTIFIER = "Jay-Balderas.RioMessagingTests";
				PRODUCT_NAME = "$(TARGET_NAME)";
				SWIFT_VERSION = 3.0;
				TEST_HOST = "$(BUILT_PRODUCTS_DIR)/RioMessaging.app/RioMessaging";
			};
			name = Debug;
		};
		280D7EC01EA72EF2008CC116 /* Release */ = {
			isa = XCBuildConfiguration;
			buildSettings = {
				ALWAYS_EMBED_SWIFT_STANDARD_LIBRARIES = YES;
				BUNDLE_LOADER = "$(TEST_HOST)";
				DEVELOPMENT_TEAM = 5EB567WJ73;
				INFOPLIST_FILE = RioMessagingTests/Info.plist;
				LD_RUNPATH_SEARCH_PATHS = "$(inherited) @executable_path/Frameworks @loader_path/Frameworks";
				PRODUCT_BUNDLE_IDENTIFIER = "Jay-Balderas.RioMessagingTests";
				PRODUCT_NAME = "$(TARGET_NAME)";
				SWIFT_VERSION = 3.0;
				TEST_HOST = "$(BUILT_PRODUCTS_DIR)/RioMessaging.app/RioMessaging";
			};
			name = Release;
		};
		280D7EC21EA72EF2008CC116 /* Debug */ = {
			isa = XCBuildConfiguration;
			buildSettings = {
				ALWAYS_EMBED_SWIFT_STANDARD_LIBRARIES = YES;
				DEVELOPMENT_TEAM = 5EB567WJ73;
				INFOPLIST_FILE = RioMessagingUITests/Info.plist;
				LD_RUNPATH_SEARCH_PATHS = "$(inherited) @executable_path/Frameworks @loader_path/Frameworks";
				PRODUCT_BUNDLE_IDENTIFIER = "Jay-Balderas.RioMessagingUITests";
				PRODUCT_NAME = "$(TARGET_NAME)";
				SWIFT_VERSION = 3.0;
				TEST_TARGET_NAME = RioMessaging;
			};
			name = Debug;
		};
		280D7EC31EA72EF2008CC116 /* Release */ = {
			isa = XCBuildConfiguration;
			buildSettings = {
				ALWAYS_EMBED_SWIFT_STANDARD_LIBRARIES = YES;
				DEVELOPMENT_TEAM = 5EB567WJ73;
				INFOPLIST_FILE = RioMessagingUITests/Info.plist;
				LD_RUNPATH_SEARCH_PATHS = "$(inherited) @executable_path/Frameworks @loader_path/Frameworks";
				PRODUCT_BUNDLE_IDENTIFIER = "Jay-Balderas.RioMessagingUITests";
				PRODUCT_NAME = "$(TARGET_NAME)";
				SWIFT_VERSION = 3.0;
				TEST_TARGET_NAME = RioMessaging;
			};
			name = Release;
		};
/* End XCBuildConfiguration section */

/* Begin XCConfigurationList section */
		280D7E8B1EA72EF1008CC116 /* Build configuration list for PBXProject "RioMessaging" */ = {
			isa = XCConfigurationList;
			buildConfigurations = (
				280D7EB91EA72EF2008CC116 /* Debug */,
				280D7EBA1EA72EF2008CC116 /* Release */,
			);
			defaultConfigurationIsVisible = 0;
			defaultConfigurationName = Release;
		};
		280D7EBB1EA72EF2008CC116 /* Build configuration list for PBXNativeTarget "RioMessaging" */ = {
			isa = XCConfigurationList;
			buildConfigurations = (
				280D7EBC1EA72EF2008CC116 /* Debug */,
				280D7EBD1EA72EF2008CC116 /* Release */,
			);
			defaultConfigurationIsVisible = 0;
		};
		280D7EBE1EA72EF2008CC116 /* Build configuration list for PBXNativeTarget "RioMessagingTests" */ = {
			isa = XCConfigurationList;
			buildConfigurations = (
				280D7EBF1EA72EF2008CC116 /* Debug */,
				280D7EC01EA72EF2008CC116 /* Release */,
			);
			defaultConfigurationIsVisible = 0;
		};
		280D7EC11EA72EF2008CC116 /* Build configuration list for PBXNativeTarget "RioMessagingUITests" */ = {
			isa = XCConfigurationList;
			buildConfigurations = (
				280D7EC21EA72EF2008CC116 /* Debug */,
				280D7EC31EA72EF2008CC116 /* Release */,
			);
			defaultConfigurationIsVisible = 0;
		};
/* End XCConfigurationList section */

/* Begin XCVersionGroup section */
		280D7E9A1EA72EF2008CC116 /* RioMessaging.xcdatamodeld */ = {
			isa = XCVersionGroup;
			children = (
				280D7E9B1EA72EF2008CC116 /* RioMessaging.xcdatamodel */,
			);
			currentVersion = 280D7E9B1EA72EF2008CC116 /* RioMessaging.xcdatamodel */;
			path = RioMessaging.xcdatamodeld;
			sourceTree = "<group>";
			versionGroupType = wrapper.xcdatamodel;
		};
/* End XCVersionGroup section */
	};
	rootObject = 280D7E881EA72EF1008CC116 /* Project object */;
}
